
Microsoft Visual Studio Solution File, Format Version 12.00
# Visual Studio 15
VisualStudioVersion = 15.0.27428.2043
MinimumVisualStudioVersion = 10.0.40219.1
Project("{FAE04EC0-301F-11D3-BF4B-00C04F79EFBC}") = "LoiKhuyenAnUong", "LoiKhuyenAnUong\LoiKhuyenAnUong.csproj", "{94A9DDA8-73D8-4AEC-8E11-D148F0F34482}"
EndProject
Global
	GlobalSection(SolutionConfigurationPlatforms) = preSolution
		Debug|Any CPU = Debug|Any CPU
		Release|Any CPU = Release|Any CPU
	EndGlobalSection
	GlobalSection(ProjectConfigurationPlatforms) = postSolution
		{94A9DDA8-73D8-4AEC-8E11-D148F0F34482}.Debug|Any CPU.ActiveCfg = Debug|Any CPU
		{94A9DDA8-73D8-4AEC-8E11-D148F0F34482}.Debug|Any CPU.Build.0 = Debug|Any CPU
		{94A9DDA8-73D8-4AEC-8E11-D148F0F34482}.Release|Any CPU.ActiveCfg = Release|Any CPU
		{94A9DDA8-73D8-4AEC-8E11-D148F0F34482}.Release|Any CPU.Build.0 = Release|Any CPU
	EndGlobalSection
	GlobalSection(SolutionProperties) = preSolution
		HideSolutionNode = FALSE
	EndGlobalSection
	GlobalSection(ExtensibilityGlobals) = postSolution
		SolutionGuid = {49FCF474-D8F3-4C0E-90DB-D6A926C62E8A}
	EndGlobalSection
EndGlobal
